{
  "requires": true,
  "lockfileVersion": 1,
  "dependencies": {
    "japaneasy": {
      "version": "0.2.2",
      "resolved": "https://registry.npmjs.org/japaneasy/-/japaneasy-0.2.2.tgz",
      "integrity": "sha1-zDbH/pPO9PSyZVMs9vAVExIs4Wc=",
      "requires": {
        "q": "^1.0.1"
      }
    },
    "q": {
      "version": "1.5.1",
      "resolved": "https://registry.npmjs.org/q/-/q-1.5.1.tgz",
      "integrity": "sha1-fjL3W0E4EpHQRhHxvxQQmsAGUdc="
    },
    "requirejs": {
      "version": "2.3.6",
      "resolved": "https://registry.npmjs.org/requirejs/-/requirejs-2.3.6.tgz",
      "integrity": "sha512-ipEzlWQe6RK3jkzikgCupiTbTvm4S0/CAU5GlgptkN5SO6F3u0UD0K18wy6ErDqiCyP4J4YYe1HuAShvsxePLg=="
    },
    "uniq": {
      "version": "1.0.1",
      "resolved": "https://registry.npmjs.org/uniq/-/uniq-1.0.1.tgz",
      "integrity": "sha1-sxxa6CVIRKOoKBVBzisEuGWnNP8="
    }
  }
}
